github.com/chimera-rpg/go-common v0.0.0-20181020045413-f6f2c1a21d5c h1:9wcas++S+pNoWlezWgqZ2Fj6PiziLR2TJAypBh+8XDI=
github.com/chimera-rpg/go-common v0.0.0-20181020045413-f6f2c1a21d5c/go.mod h1:/FwRKhQznOZpTqwkeKsxXiRD2BJVU5hU5B932mDTQnY=
github.com/chimera-rpg/go-common v0.0.0-20190416104302-ac2604934452 h1:kLjWiiJnHBAhPjc1xDiyujidbN/Jaa586ApHPdvYlXw=
github.com/chimera-rpg/go-common v0.0.0-20190416104302-ac2604934452/go.mod h1:/FwRKhQznOZpTqwkeKsxXiRD2BJVU5hU5B932mDTQnY=
github.com/chimera-rpg/go-common v0.0.0-20190530001634-926e695329d6 h1:XOmUhJyN1n4JX0BCaOXFk+Tp+5WYmARdkofSTJEIKcs=
github.com/chimera-rpg/go-common v0.0.0-20190530001634-926e695329d6/go.mod h1:/FwRKhQznOZpTqwkeKsxXiRD2BJVU5hU5B932mDTQnY=
github.com/chimera-rpg/go-common v0.0.0-20200513224815-6ea48b392320 h1:xR9pJPS33DOo5rh7Yjnw7yz1mlI0gUfs4wVmo4uKYOY=
github.com/chimera-rpg/go-common v0.0.0-20200513224815-6ea48b392320/go.mod h1:/FwRKhQznOZpTqwkeKsxXiRD2BJVU5hU5B932mDTQnY=
github.com/chimera-rpg/go-common v0.0.0-20200618035033-8e75647c6b9c h1:IfT/GX0r3oaUHsa1tJLxqoHpp35XH5eqn/4S2NEriCc=
github.com/chimera-rpg/go-common v0.0.0-20200618035033-8e75647c6b9c/go.mod h1:/FwRKhQznOZpTqwkeKsxXiRD2BJVU5hU5B932mDTQnY=
github.com/chimera-rpg/go-common v0.0.0-20200618040144-532cd87c06b3 h1:GiiL24Igu2z0bQtcC5O0Nshg+LYtrISmz2Sznsvn+SM=
github.com/chimera-rpg/go-common v0.0.0-20200618040144-532cd87c06b3/go.mod h1:/FwRKhQznOZpTqwkeKsxXiRD2BJVU5hU5B932mDTQnY=
github.com/eczarny/lexer v0.0.0-20141213044152-5fcb9a5b73e7 h1:IapuIIztRMDE1P89/1LEWH3dxS6V6VOTUyQ3uGzgFsw=
github.com/eczarny/lexer v0.0.0-20141213044152-5fcb9a5b73e7/go.mod h1:oAvLpuAW27eYdm/pSDkQaWpcGTd+s8poB/hCRj76rPg=
github.com/kettek/apng v0.0.0-20190523045756-e5135b1219f5 h1:xP9mZUJA2zL0prZ0YpL0rEW+SIqCXCvQmyPpnR/9H1o=
github.com/kettek/apng v0.0.0-20190523045756-e5135b1219f5/go.mod h1:x78/VRQYKuCftMWS0uK5e+F5RJ7S4gSlESRWI0Prl6Q=
github.com/veandco/go-sdl2 v0.3.0 h1:IWYkHMp8V3v37NsKjszln8FFnX2+ab0538J371t+rss=
github.com/veandco/go-sdl2 v0.3.0/go.mod h1:FB+kTpX9YTE+urhYiClnRzpOXbiWgaU3+5F2AB78DPg=
github.com/veandco/go-sdl2 v0.3.1-0.20190402152124-61ef6c98c6b1 h1:7QXPT2C3y7WEAohWZseGDtQ4EfXo3GUWx/HaypwrTtc=
github.com/veandco/go-sdl2 v0.3.1-0.20190402152124-61ef6c98c6b1/go.mod h1:FB+kTpX9YTE+urhYiClnRzpOXbiWgaU3+5F2AB78DPg=
github.com/veandco/go-sdl2 v0.4.0 h1:l9q6K+Dvpd/VlZdw2ufApKnWhAQqx9UL8Zrvbjtm3Lw=
github.com/veandco/go-sdl2 v0.4.0/go.mod h1:FB+kTpX9YTE+urhYiClnRzpOXbiWgaU3+5F2AB78DPg=
