github.com/chimera-rpg/go-common v0.0.0-20181020045413-f6f2c1a21d5c h1:9wcas++S+pNoWlezWgqZ2Fj6PiziLR2TJAypBh+8XDI=
github.com/chimera-rpg/go-common v0.0.0-20181020045413-f6f2c1a21d5c/go.mod h1:/FwRKhQznOZpTqwkeKsxXiRD2BJVU5hU5B932mDTQnY=
github.com/chimera-rpg/go-common v0.0.0-20190416104302-ac2604934452 h1:kLjWiiJnHBAhPjc1xDiyujidbN/Jaa586ApHPdvYlXw=
github.com/chimera-rpg/go-common v0.0.0-20190416104302-ac2604934452/go.mod h1:/FwRKhQznOZpTqwkeKsxXiRD2BJVU5hU5B932mDTQnY=
github.com/eczarny/lexer v0.0.0-20141213044152-5fcb9a5b73e7 h1:IapuIIztRMDE1P89/1LEWH3dxS6V6VOTUyQ3uGzgFsw=
github.com/eczarny/lexer v0.0.0-20141213044152-5fcb9a5b73e7/go.mod h1:oAvLpuAW27eYdm/pSDkQaWpcGTd+s8poB/hCRj76rPg=
github.com/veandco/go-sdl2 v0.3.0 h1:IWYkHMp8V3v37NsKjszln8FFnX2+ab0538J371t+rss=
github.com/veandco/go-sdl2 v0.3.0/go.mod h1:FB+kTpX9YTE+urhYiClnRzpOXbiWgaU3+5F2AB78DPg=
github.com/veandco/go-sdl2 v0.3.1-0.20190402152124-61ef6c98c6b1 h1:7QXPT2C3y7WEAohWZseGDtQ4EfXo3GUWx/HaypwrTtc=
github.com/veandco/go-sdl2 v0.3.1-0.20190402152124-61ef6c98c6b1/go.mod h1:FB+kTpX9YTE+urhYiClnRzpOXbiWgaU3+5F2AB78DPg=
